// !$*UTF8*$!
{
	archiveVersion = 1;
	classes = {
	};
	objectVersion = 56;
	objects = {

/* Begin PBXBuildFile section */
		C8FC2F4F2A1CA08D00115645 /* AppDelegate.swift in Sources */ = {isa = PBXBuildFile; fileRef = C8FC2F4E2A1CA08D00115645 /* AppDelegate.swift */; };
		C8FC2F512A1CA08D00115645 /* SceneDelegate.swift in Sources */ = {isa = PBXBuildFile; fileRef = C8FC2F502A1CA08D00115645 /* SceneDelegate.swift */; };
		C8FC2F532A1CA08D00115645 /* ViewController.swift in Sources */ = {isa = PBXBuildFile; fileRef = C8FC2F522A1CA08D00115645 /* ViewController.swift */; };
		C8FC2F562A1CA08D00115645 /* Main.storyboard in Resources */ = {isa = PBXBuildFile; fileRef = C8FC2F542A1CA08D00115645 /* Main.storyboard */; };
		C8FC2F592A1CA08D00115645 /* SearchingATableView.xcdatamodeld in Sources */ = {isa = PBXBuildFile; fileRef = C8FC2F572A1CA08D00115645 /* SearchingATableView.xcdatamodeld */; };
		C8FC2F5B2A1CA08F00115645 /* Assets.xcassets in Resources */ = {isa = PBXBuildFile; fileRef = C8FC2F5A2A1CA08F00115645 /* Assets.xcassets */; };
		C8FC2F5E2A1CA08F00115645 /* LaunchScreen.storyboard in Resources */ = {isa = PBXBuildFile; fileRef = C8FC2F5C2A1CA08F00115645 /* LaunchScreen.storyboard */; };
/* End PBXBuildFile section */

/* Begin PBXFileReference section */
		C8FC2F4B2A1CA08D00115645 /* SearchingATableView.app */ = {isa = PBXFileReference; explicitFileType = wrapper.application; includeInIndex = 0; path = SearchingATableView.app; sourceTree = BUILT_PRODUCTS_DIR; };
		C8FC2F4E2A1CA08D00115645 /* AppDelegate.swift */ = {isa = PBXFileReference; lastKnownFileType = sourcecode.swift; path = AppDelegate.swift; sourceTree = "<group>"; };
		C8FC2F502A1CA08D00115645 /* SceneDelegate.swift */ = {isa = PBXFileReference; lastKnownFileType = sourcecode.swift; path = SceneDelegate.swift; sourceTree = "<group>"; };
		C8FC2F522A1CA08D00115645 /* ViewController.swift */ = {isa = PBXFileReference; lastKnownFileType = sourcecode.swift; path = ViewController.swift; sourceTree = "<group>"; };
		C8FC2F552A1CA08D00115645 /* Base */ = {isa = PBXFileReference; lastKnownFileType = file.storyboard; name = Base; path = Base.lproj/Main.storyboard; sourceTree = "<group>"; };
		C8FC2F582A1CA08D00115645 /* SearchingATableView.xcdatamodel */ = {isa = PBXFileReference; lastKnownFileType = wrapper.xcdatamodel; path = SearchingATableView.xcdatamodel; sourceTree = "<group>"; };
		C8FC2F5A2A1CA08F00115645 /* Assets.xcassets */ = {isa = PBXFileReference; lastKnownFileType = folder.assetcatalog; path = Assets.xcassets; sourceTree = "<group>"; };
		C8FC2F5D2A1CA08F00115645 /* Base */ = {isa = PBXFileReference; lastKnownFileType = file.storyboard; name = Base; path = Base.lproj/LaunchScreen.storyboard; sourceTree = "<group>"; };
		C8FC2F5F2A1CA08F00115645 /* Info.plist */ = {isa = PBXFileReference; lastKnownFileType = text.plist.xml; path = Info.plist; sourceTree = "<group>"; };
/* End PBXFileReference section */

/* Begin PBXFrameworksBuildPhase section */
		C8FC2F482A1CA08D00115645 /* Frameworks */ = {
			isa = PBXFrameworksBuildPhase;
			buildActionMask = 2147483647;
			files = (
			);
			runOnlyForDeploymentPostprocessing = 0;
		};
/* End PBXFrameworksBuildPhase section */

/* Begin PBXGroup section */
		C8FC2F422A1CA08D00115645 = {
			isa = PBXGroup;
			children = (
				C8FC2F4D2A1CA08D00115645 /* SearchingATableView */,
				C8FC2F4C2A1CA08D00115645 /* Products */,
			);
			sourceTree = "<group>";
		};
		C8FC2F4C2A1CA08D00115645 /* Products */ = {
			isa = PBXGroup;
			children = (
				C8FC2F4B2A1CA08D00115645 /* SearchingATableView.app */,
			);
			name = Products;
			sourceTree = "<group>";
		};
		C8FC2F4D2A1CA08D00115645 /* SearchingATableView */ = {
			isa = PBXGroup;
			children = (
				C8FC2F4E2A1CA08D00115645 /* AppDelegate.swift */,
				C8FC2F502A1CA08D00115645 /* SceneDelegate.swift */,
				C8FC2F522A1CA08D00115645 /* ViewController.swift */,
				C8FC2F542A1CA08D00115645 /* Main.storyboard */,
				C8FC2F5A2A1CA08F00115645 /* Assets.xcassets */,
				C8FC2F5C2A1CA08F00115645 /* LaunchScreen.storyboard */,
				C8FC2F5F2A1CA08F00115645 /* Info.plist */,
				C8FC2F572A1CA08D00115645 /* SearchingATableView.xcdatamodeld */,
			);
			path = SearchingATableView;
			sourceTree = "<group>";
		};
/* End PBXGroup section */

/* Begin PBXNativeTarget section */
		C8FC2F4A2A1CA08D00115645 /* SearchingATableView */ = {
			isa = PBXNativeTarget;
			buildConfigurationList = C8FC2F622A1CA08F00115645 /* Build configuration list for PBXNativeTarget "SearchingATableView" */;
			buildPhases = (
				C8FC2F472A1CA08D00115645 /* Sources */,
				C8FC2F482A1CA08D00115645 /* Frameworks */,
				C8FC2F492A1CA08D00115645 /* Resources */,
			);
			buildRules = (
			);
			dependencies = (
			);
			name = SearchingATableView;
			productName = SearchingATableView;
			productReference = C8FC2F4B2A1CA08D00115645 /* SearchingATableView.app */;
			productType = "com.apple.product-type.application";
		};
/* End PBXNativeTarget section */

/* Begin PBXProject section */
		C8FC2F432A1CA08D00115645 /* Project object */ = {
			isa = PBXProject;
			attributes = {
				BuildIndependentTargetsInParallel = 1;
				LastSwiftUpdateCheck = 1430;
				LastUpgradeCheck = 1430;
				TargetAttributes = {
					C8FC2F4A2A1CA08D00115645 = {
						CreatedOnToolsVersion = 14.3;
					};
				};
			};
			buildConfigurationList = C8FC2F462A1CA08D00115645 /* Build configuration list for PBXProject "SearchingATableView" */;
			compatibilityVersion = "Xcode 14.0";
			developmentRegion = en;
			hasScannedForEncodings = 0;
			knownRegions = (
				en,
				Base,
			);
			mainGroup = C8FC2F422A1CA08D00115645;
			productRefGroup = C8FC2F4C2A1CA08D00115645 /* Products */;
			projectDirPath = "";
			projectRoot = "";
			targets = (
				C8FC2F4A2A1CA08D00115645 /* SearchingATableView */,
			);
		};
/* End PBXProject section */

/* Begin PBXResourcesBuildPhase section */
		C8FC2F492A1CA08D00115645 /* Resources */ = {
			isa = PBXResourcesBuildPhase;
			buildActionMask = 2147483647;
			files = (
				C8FC2F5E2A1CA08F00115645 /* LaunchScreen.storyboard in Resources */,
				C8FC2F5B2A1CA08F00115645 /* Assets.xcassets in Resources */,
				C8FC2F562A1CA08D00115645 /* Main.storyboard in Resources */,
			);
			runOnlyForDeploymentPostprocessing = 0;
		};
/* End PBXResourcesBuildPhase section */

/* Begin PBXSourcesBuildPhase section */
		C8FC2F472A1CA08D00115645 /* Sources */ = {
			isa = PBXSourcesBuildPhase;
			buildActionMask = 2147483647;
			files = (
				C8FC2F592A1CA08D00115645 /* SearchingATableView.xcdatamodeld in Sources */,
				C8FC2F532A1CA08D00115645 /* ViewController.swift in Sources */,
				C8FC2F4F2A1CA08D00115645 /* AppDelegate.swift in Sources */,
				C8FC2F512A1CA08D00115645 /* SceneDelegate.swift in Sources */,
			);
			runOnlyForDeploymentPostprocessing = 0;
		};
/* End PBXSourcesBuildPhase section */

/* Begin PBXVariantGroup section */
		C8FC2F542A1CA08D00115645 /* Main.storyboard */ = {
			isa = PBXVariantGroup;
			children = (
				C8FC2F552A1CA08D00115645 /* Base */,
			);
			name = Main.storyboard;
			sourceTree = "<group>";
		};
		C8FC2F5C2A1CA08F00115645 /* LaunchScreen.storyboard */ = {
			isa = PBXVariantGroup;
			children = (
				C8FC2F5D2A1CA08F00115645 /* Base */,
			);
			name = LaunchScreen.storyboard;
			sourceTree = "<group>";
		};
/* End PBXVariantGroup section */

/* Begin XCBuildConfiguration section */
		C8FC2F602A1CA08F00115645 /* Debug */ = {
			isa = XCBuildConfiguration;
			buildSettings = {
				ALWAYS_SEARCH_USER_PATHS = NO;
				CLANG_ANALYZER_NONNULL = YES;
				CLANG_ANALYZER_NUMBER_OBJECT_CONVERSION = YES_AGGRESSIVE;
				CLANG_CXX_LANGUAGE_STANDARD = "gnu++20";
				CLANG_ENABLE_MODULES = YES;
				CLANG_ENABLE_OBJC_ARC = YES;
				CLANG_ENABLE_OBJC_WEAK = YES;
				CLANG_WARN_BLOCK_CAPTURE_AUTORELEASING = YES;
				CLANG_WARN_BOOL_CONVERSION = YES;
				CLANG_WARN_COMMA = YES;
				CLANG_WARN_CONSTANT_CONVERSION = YES;
				CLANG_WARN_DEPRECATED_OBJC_IMPLEMENTATIONS = YES;
				CLANG_WARN_DIRECT_OBJC_ISA_USAGE = YES_ERROR;
				CLANG_WARN_DOCUMENTATION_COMMENTS = YES;
				CLANG_WARN_EMPTY_BODY = YES;
				CLANG_WARN_ENUM_CONVERSION = YES;
				CLANG_WARN_INFINITE_RECURSION = YES;
				CLANG_WARN_INT_CONVERSION = YES;
				CLANG_WARN_NON_LITERAL_NULL_CONVERSION = YES;
				CLANG_WARN_OBJC_IMPLICIT_RETAIN_SELF = YES;
				CLANG_WARN_OBJC_LITERAL_CONVERSION = YES;
				CLANG_WARN_OBJC_ROOT_CLASS = YES_ERROR;
				CLANG_WARN_QUOTED_INCLUDE_IN_FRAMEWORK_HEADER = YES;
				CLANG_WARN_RANGE_LOOP_ANALYSIS = YES;
				CLANG_WARN_STRICT_PROTOTYPES = YES;
				CLANG_WARN_SUSPICIOUS_MOVE = YES;
				CLANG_WARN_UNGUARDED_AVAILABILITY = YES_AGGRESSIVE;
				CLANG_WARN_UNREACHABLE_CODE = YES;
				CLANG_WARN__DUPLICATE_METHOD_MATCH = YES;
				COPY_PHASE_STRIP = NO;
				DEBUG_INFORMATION_FORMAT = dwarf;
				ENABLE_STRICT_OBJC_MSGSEND = YES;
				ENABLE_TESTABILITY = YES;
				GCC_C_LANGUAGE_STANDARD = gnu11;
				GCC_DYNAMIC_NO_PIC = NO;
				GCC_NO_COMMON_BLOCKS = YES;
				GCC_OPTIMIZATION_LEVEL = 0;
				GCC_PREPROCESSOR_DEFINITIONS = (
					"DEBUG=1",
					"$(inherited)",
				);
				GCC_WARN_64_TO_32_BIT_CONVERSION = YES;
				GCC_WARN_ABOUT_RETURN_TYPE = YES_ERROR;
				GCC_WARN_UNDECLARED_SELECTOR = YES;
				GCC_WARN_UNINITIALIZED_AUTOS = YES_AGGRESSIVE;
				GCC_WARN_UNUSED_FUNCTION = YES;
				GCC_WARN_UNUSED_VARIABLE = YES;
				IPHONEOS_DEPLOYMENT_TARGET = 16.4;
				MTL_ENABLE_DEBUG_INFO = INCLUDE_SOURCE;
				MTL_FAST_MATH = YES;
				ONLY_ACTIVE_ARCH = YES;
				SDKROOT = iphoneos;
				SWIFT_ACTIVE_COMPILATION_CONDITIONS = DEBUG;
				SWIFT_OPTIMIZATION_LEVEL = "-Onone";
			};
			name = Debug;
		};
		C8FC2F612A1CA08F00115645 /* Release */ = {
			isa = XCBuildConfiguration;
			buildSettings = {
				ALWAYS_SEARCH_USER_PATHS = NO;
				CLANG_ANALYZER_NONNULL = YES;
				CLANG_ANALYZER_NUMBER_OBJECT_CONVERSION = YES_AGGRESSIVE;
				CLANG_CXX_LANGUAGE_STANDARD = "gnu++20";
				CLANG_ENABLE_MODULES = YES;
				CLANG_ENABLE_OBJC_ARC = YES;
				CLANG_ENABLE_OBJC_WEAK = YES;
				CLANG_WARN_BLOCK_CAPTURE_AUTORELEASING = YES;
				CLANG_WARN_BOOL_CONVERSION = YES;
				CLANG_WARN_COMMA = YES;
				CLANG_WARN_CONSTANT_CONVERSION = YES;
				CLANG_WARN_DEPRECATED_OBJC_IMPLEMENTATIONS = YES;
				CLANG_WARN_DIRECT_OBJC_ISA_USAGE = YES_ERROR;
				CLANG_WARN_DOCUMENTATION_COMMENTS = YES;
				CLANG_WARN_EMPTY_BODY = YES;
				CLANG_WARN_ENUM_CONVERSION = YES;
				CLANG_WARN_INFINITE_RECURSION = YES;
				CLANG_WARN_INT_CONVERSION = YES;
				CLANG_WARN_NON_LITERAL_NULL_CONVERSION = YES;
				CLANG_WARN_OBJC_IMPLICIT_RETAIN_SELF = YES;
				CLANG_WARN_OBJC_LITERAL_CONVERSION = YES;
				CLANG_WARN_OBJC_ROOT_CLASS = YES_ERROR;
				CLANG_WARN_QUOTED_INCLUDE_IN_FRAMEWORK_HEADER = YES;
				CLANG_WARN_RANGE_LOOP_ANALYSIS = YES;
				CLANG_WARN_STRICT_PROTOTYPES = YES;
				CLANG_WARN_SUSPICIOUS_MOVE = YES;
				CLANG_WARN_UNGUARDED_AVAILABILITY = YES_AGGRESSIVE;
				CLANG_WARN_UNREACHABLE_CODE = YES;
				CLANG_WARN__DUPLICATE_METHOD_MATCH = YES;
				COPY_PHASE_STRIP = NO;
				DEBUG_INFORMATION_FORMAT = "dwarf-with-dsym";
				ENABLE_NS_ASSERTIONS = NO;
				ENABLE_STRICT_OBJC_MSGSEND = YES;
				GCC_C_LANGUAGE_STANDARD = gnu11;
				GCC_NO_COMMON_BLOCKS = YES;
				GCC_WARN_64_TO_32_BIT_CONVERSION = YES;
				GCC_WARN_ABOUT_RETURN_TYPE = YES_ERROR;
				GCC_WARN_UNDECLARED_SELECTOR = YES;
				GCC_WARN_UNINITIALIZED_AUTOS = YES_AGGRESSIVE;
				GCC_WARN_UNUSED_FUNCTION = YES;
				GCC_WARN_UNUSED_VARIABLE = YES;
				IPHONEOS_DEPLOYMENT_TARGET = 16.4;
				MTL_ENABLE_DEBUG_INFO = NO;
				MTL_FAST_MATH = YES;
				SDKROOT = iphoneos;
				SWIFT_COMPILATION_MODE = wholemodule;
				SWIFT_OPTIMIZATION_LEVEL = "-O";
				VALIDATE_PRODUCT = YES;
			};
			name = Release;
		};
		C8FC2F632A1CA08F00115645 /* Debug */ = {
			isa = XCBuildConfiguration;
			buildSettings = {
				ASSETCATALOG_COMPILER_APPICON_NAME = AppIcon;
				ASSETCATALOG_COMPILER_GLOBAL_ACCENT_COLOR_NAME = AccentColor;
				CODE_SIGN_STYLE = Automatic;
				CURRENT_PROJECT_VERSION = 1;
				GENERATE_INFOPLIST_FILE = YES;
				INFOPLIST_FILE = SearchingATableView/Info.plist;
				INFOPLIST_KEY_UIApplicationSupportsIndirectInputEvents = YES;
				INFOPLIST_KEY_UILaunchStoryboardName = LaunchScreen;
				INFOPLIST_KEY_UIMainStoryboardFile = Main;
				INFOPLIST_KEY_UISupportedInterfaceOrientations_iPad = "UIInterfaceOrientationPortrait UIInterfaceOrientationPortraitUpsideDown UIInterfaceOrientationLandscapeLeft UIInterfaceOrientationLandscapeRight";
				INFOPLIST_KEY_UISupportedInterfaceOrientations_iPhone = "UIInterfaceOrientationPortrait UIInterfaceOrientationLandscapeLeft UIInterfaceOrientationLandscapeRight";
				LD_RUNPATH_SEARCH_PATHS = (
					"$(inherited)",
					"@executable_path/Frameworks",
				);
				MARKETING_VERSION = 1.0;
				PRODUCT_BUNDLE_IDENTIFIER = DA.co.za.badat.SearchingATableView;
				PRODUCT_NAME = "$(TARGET_NAME)";
				SWIFT_EMIT_LOC_STRINGS = YES;
				SWIFT_VERSION = 5.0;
				TARGETED_DEVICE_FAMILY = "1,2";
			};
			name = Debug;
		};
		C8FC2F642A1CA08F00115645 /* Release */ = {
			isa = XCBuildConfiguration;
			buildSettings = {
				ASSETCATALOG_COMPILER_APPICON_NAME = AppIcon;
				ASSETCATALOG_COMPILER_GLOBAL_ACCENT_COLOR_NAME = AccentColor;
				CODE_SIGN_STYLE = Automatic;
				CURRENT_PROJECT_VERSION = 1;
				GENERATE_INFOPLIST_FILE = YES;
				INFOPLIST_FILE = SearchingATableView/Info.plist;
				INFOPLIST_KEY_UIApplicationSupportsIndirectInputEvents = YES;
				INFOPLIST_KEY_UILaunchStoryboardName = LaunchScreen;
				INFOPLIST_KEY_UIMainStoryboardFile = Main;
				INFOPLIST_KEY_UISupportedInterfaceOrientations_iPad = "UIInterfaceOrientationPortrait UIInterfaceOrientationPortraitUpsideDown UIInterfaceOrientationLandscapeLeft UIInterfaceOrientationLandscapeRight";
				INFOPLIST_KEY_UISupportedInterfaceOrientations_iPhone = "UIInterfaceOrientationPortrait UIInterfaceOrientationLandscapeLeft UIInterfaceOrientationLandscapeRight";
				LD_RUNPATH_SEARCH_PATHS = (
					"$(inherited)",
					"@executable_path/Frameworks",
				);
				MARKETING_VERSION = 1.0;
				PRODUCT_BUNDLE_IDENTIFIER = DA.co.za.badat.SearchingATableView;
				PRODUCT_NAME = "$(TARGET_NAME)";
				SWIFT_EMIT_LOC_STRINGS = YES;
				SWIFT_VERSION = 5.0;
				TARGETED_DEVICE_FAMILY = "1,2";
			};
			name = Release;
		};
/* End XCBuildConfiguration section */

/* Begin XCConfigurationList section */
		C8FC2F462A1CA08D00115645 /* Build configuration list for PBXProject "SearchingATableView" */ = {
			isa = XCConfigurationList;
			buildConfigurations = (
				C8FC2F602A1CA08F00115645 /* Debug */,
				C8FC2F612A1CA08F00115645 /* Release */,
			);
			defaultConfigurationIsVisible = 0;
			defaultConfigurationName = Release;
		};
		C8FC2F622A1CA08F00115645 /* Build configuration list for PBXNativeTarget "SearchingATableView" */ = {
			isa = XCConfigurationList;
			buildConfigurations = (
				C8FC2F632A1CA08F00115645 /* Debug */,
				C8FC2F642A1CA08F00115645 /* Release */,
			);
			defaultConfigurationIsVisible = 0;
			defaultConfigurationName = Release;
		};
/* End XCConfigurationList section */

/* Begin XCVersionGroup section */
		C8FC2F572A1CA08D00115645 /* SearchingATableView.xcdatamodeld */ = {
			isa = XCVersionGroup;
			children = (
				C8FC2F582A1CA08D00115645 /* SearchingATableView.xcdatamodel */,
			);
			currentVersion = C8FC2F582A1CA08D00115645 /* SearchingATableView.xcdatamodel */;
			path = SearchingATableView.xcdatamodeld;
			sourceTree = "<group>";
			versionGroupType = wrapper.xcdatamodel;
		};
/* End XCVersionGroup section */
	};
	rootObject = C8FC2F432A1CA08D00115645 /* Project object */;
}
